
Microsoft Visual Studio Solution File, Format Version 12.00
# Visual Studio Version 17
VisualStudioVersion = 17.8.34330.188
MinimumVisualStudioVersion = 10.0.40219.1
Project("{9A19103F-16F7-4668-BE54-9A1E7A4F7556}") = "WebApp", "WebApp\WebApp\WebApp.csproj", "{BAD43AD3-3F0D-46E6-B778-B97DEBFB373C}"
EndProject
Project("{9A19103F-16F7-4668-BE54-9A1E7A4F7556}") = "WebApp.Client", "WebApp\WebApp.Client\WebApp.Client.csproj", "{3857BAD6-482E-4A1F-8A8C-A0A92FFDB288}"
EndProject
Project("{9A19103F-16F7-4668-BE54-9A1E7A4F7556}") = "WebApp.Shared", "WebApp\WebApp.Shared\WebApp.Shared.csproj", "{E69C30EF-D9F8-448A-BAE4-CE721E21F5D9}"
EndProject
Project("{9A19103F-16F7-4668-BE54-9A1E7A4F7556}") = "WebApp.DataSeeder", "WebApp\WebApp.DataSeeder\WebApp.DataSeeder.csproj", "{6050D5CE-BA86-431D-A47D-9766FC9E186C}"
EndProject
Global
	GlobalSection(SolutionConfigurationPlatforms) = preSolution
		Debug|Any CPU = Debug|Any CPU
		Release|Any CPU = Release|Any CPU
	EndGlobalSection
	GlobalSection(ProjectConfigurationPlatforms) = postSolution
		{BAD43AD3-3F0D-46E6-B778-B97DEBFB373C}.Debug|Any CPU.ActiveCfg = Debug|Any CPU
		{BAD43AD3-3F0D-46E6-B778-B97DEBFB373C}.Debug|Any CPU.Build.0 = Debug|Any CPU
		{BAD43AD3-3F0D-46E6-B778-B97DEBFB373C}.Release|Any CPU.ActiveCfg = Release|Any CPU
		{BAD43AD3-3F0D-46E6-B778-B97DEBFB373C}.Release|Any CPU.Build.0 = Release|Any CPU
		{3857BAD6-482E-4A1F-8A8C-A0A92FFDB288}.Debug|Any CPU.ActiveCfg = Debug|Any CPU
		{3857BAD6-482E-4A1F-8A8C-A0A92FFDB288}.Debug|Any CPU.Build.0 = Debug|Any CPU
		{3857BAD6-482E-4A1F-8A8C-A0A92FFDB288}.Release|Any CPU.ActiveCfg = Release|Any CPU
		{3857BAD6-482E-4A1F-8A8C-A0A92FFDB288}.Release|Any CPU.Build.0 = Release|Any CPU
		{E69C30EF-D9F8-448A-BAE4-CE721E21F5D9}.Debug|Any CPU.ActiveCfg = Debug|Any CPU
		{E69C30EF-D9F8-448A-BAE4-CE721E21F5D9}.Debug|Any CPU.Build.0 = Debug|Any CPU
		{E69C30EF-D9F8-448A-BAE4-CE721E21F5D9}.Release|Any CPU.ActiveCfg = Release|Any CPU
		{E69C30EF-D9F8-448A-BAE4-CE721E21F5D9}.Release|Any CPU.Build.0 = Release|Any CPU
		{6050D5CE-BA86-431D-A47D-9766FC9E186C}.Debug|Any CPU.ActiveCfg = Debug|Any CPU
		{6050D5CE-BA86-431D-A47D-9766FC9E186C}.Debug|Any CPU.Build.0 = Debug|Any CPU
		{6050D5CE-BA86-431D-A47D-9766FC9E186C}.Release|Any CPU.ActiveCfg = Release|Any CPU
		{6050D5CE-BA86-431D-A47D-9766FC9E186C}.Release|Any CPU.Build.0 = Release|Any CPU
	EndGlobalSection
	GlobalSection(SolutionProperties) = preSolution
		HideSolutionNode = FALSE
	EndGlobalSection
	GlobalSection(ExtensibilityGlobals) = postSolution
		SolutionGuid = {59DFED1D-4E9C-4581-98A1-8D96A25370AD}
	EndGlobalSection
EndGlobal
